PODS:
  - HMCategory/HMCategoryKit (0.4.1):
    - HMCategory/HMCategoryKit/FoundationKit (= 0.4.1)
    - HMCategory/HMCategoryKit/UIKit (= 0.4.1)
  - HMCategory/HMCategoryKit/FoundationKit (0.4.1):
    - HMCategory/HMCategoryKit/FoundationKit/NSArray (= 0.4.1)
    - HMCategory/HMCategoryKit/FoundationKit/NSData (= 0.4.1)
    - HMCategory/HMCategoryKit/FoundationKit/NSDate (= 0.4.1)
    - HMCategory/HMCategoryKit/FoundationKit/NSDictionary (= 0.4.1)
    - HMCategory/HMCategoryKit/FoundationKit/NSLocal (= 0.4.1)
    - HMCategory/HMCategoryKit/FoundationKit/NSNotificationCenter (= 0.4.1)
    - HMCategory/HMCategoryKit/FoundationKit/NSObject (= 0.4.1)
    - HMCategory/HMCategoryKit/FoundationKit/NSString (= 0.4.1)
    - HMCategory/HMCategoryKit/FoundationKit/NSTimer (= 0.4.1)
  - HMCategory/HMCategoryKit/FoundationKit/NSArray (0.4.1)
  - HMCategory/HMCategoryKit/FoundationKit/NSData (0.4.1)
  - HMCategory/HMCategoryKit/FoundationKit/NSDate (0.4.1)
  - HMCategory/HMCategoryKit/FoundationKit/NSDictionary (0.4.1)
  - HMCategory/HMCategoryKit/FoundationKit/NSLocal (0.4.1)
  - HMCategory/HMCategoryKit/FoundationKit/NSNotificationCenter (0.4.1)
  - HMCategory/HMCategoryKit/FoundationKit/NSObject (0.4.1)
  - HMCategory/HMCategoryKit/FoundationKit/NSString (0.4.1):
    - HMCategory/HMCategoryKit/FoundationKit/NSDate
  - HMCategory/HMCategoryKit/FoundationKit/NSTimer (0.4.1)
  - HMCategory/HMCategoryKit/UIKit (0.4.1):
    - HMCategory/HMCategoryKit/UIKit/UIApplication (= 0.4.1)
    - HMCategory/HMCategoryKit/UIKit/UIButton (= 0.4.1)
    - HMCategory/HMCategoryKit/UIKit/UIColor (= 0.4.1)
    - HMCategory/HMCategoryKit/UIKit/UIDevice (= 0.4.1)
    - HMCategory/HMCategoryKit/UIKit/UIImage (= 0.4.1)
    - HMCategory/HMCategoryKit/UIKit/UIImageView (= 0.4.1)
    - HMCategory/HMCategoryKit/UIKit/UILabel (= 0.4.1)
    - HMCategory/HMCategoryKit/UIKit/UIScrollView (= 0.4.1)
    - HMCategory/HMCategoryKit/UIKit/UITextField (= 0.4.1)
    - HMCategory/HMCategoryKit/UIKit/UITextView (= 0.4.1)
    - HMCategory/HMCategoryKit/UIKit/UIView (= 0.4.1)
    - HMCategory/HMCategoryKit/UIKit/UIWindow (= 0.4.1)
  - HMCategory/HMCategoryKit/UIKit/UIApplication (0.4.1)
  - HMCategory/HMCategoryKit/UIKit/UIButton (0.4.1)
  - HMCategory/HMCategoryKit/UIKit/UIColor (0.4.1)
  - HMCategory/HMCategoryKit/UIKit/UIDevice (0.4.1):
    - HMCategory/HMCategoryKit/UIKit/UIApplication
  - HMCategory/HMCategoryKit/UIKit/UIImage (0.4.1)
  - HMCategory/HMCategoryKit/UIKit/UIImageView (0.4.1)
  - HMCategory/HMCategoryKit/UIKit/UILabel (0.4.1)
  - HMCategory/HMCategoryKit/UIKit/UIScrollView (0.4.1)
  - HMCategory/HMCategoryKit/UIKit/UITextField (0.4.1)
  - HMCategory/HMCategoryKit/UIKit/UITextView (0.4.1)
  - HMCategory/HMCategoryKit/UIKit/UIView (0.4.1)
  - HMCategory/HMCategoryKit/UIKit/UIWindow (0.4.1)
  - HMCategory/HMCategoryMifitKit (0.4.1):
    - HMCategory/HMCategoryKit

DEPENDENCIES:
  - HMCategory/HMCategoryMifitKit (from `../`)

EXTERNAL SOURCES:
  HMCategory:
    :path: ../

SPEC CHECKSUMS:
  HMCategory: cb62b529c15e452686a3a93c28872eb406c9648f

PODFILE CHECKSUM: 57ba7c5bd573c29e74d06179027d74be9dc090b3

COCOAPODS: 1.4.0
