PODS:
  - CTMediator (18)
  - CTPersistance (181):
    - CTMediator
    - SQLCipher
  - HMStatistics (1.4.5):
    - HMStatistics/Statistics (= 1.4.5)
  - HMStatistics/AnonymousDataBase (1.4.5):
    - CTPersistance (~> 181)
  - HMStatistics/NamedDataBase (1.4.5):
    - CTPersistance (~> 181)
  - HMStatistics/Statistics (1.4.5):
    - HMStatistics/AnonymousDataBase
    - HMStatistics/NamedDataBase
  - SQLCipher (3.4.2):
    - SQLCipher/standard (= 3.4.2)
  - SQLCipher/common (3.4.2)
  - SQLCipher/standard (3.4.2):
    - SQLCipher/common

DEPENDENCIES:
  - HMStatistics (from `../`)

SPEC REPOS:
  https://github.com/cocoapods/specs.git:
    - CTMediator
    - CTPersistance
    - SQLCipher

EXTERNAL SOURCES:
  HMStatistics:
    :path: "../"

SPEC CHECKSUMS:
  CTMediator: 420e9d90f9f1fd740caf2238ed7ed64dc621c5b7
  CTPersistance: f566fe7cdab679bf3ae9aa67c82907c9a867011e
  HMStatistics: 94aa5065e7a6ef9c917b1b3cfeb5ce79a9ce88c4
  SQLCipher: f9fcf29b2e59ced7defc2a2bdd0ebe79b40d4990

PODFILE CHECKSUM: 031c368354f25e0f3c17ebc484cb6191c03659cb

COCOAPODS: 1.5.3
